
Microsoft Visual Studio Solution File, Format Version 12.00
# Visual Studio Version 17
VisualStudioVersion = 17.3.32922.545
MinimumVisualStudioVersion = 10.0.40219.1
Project("{2150E333-8FDC-42A3-9474-1A3956D46DE8}") = "Feature", "Feature", "{2D43353E-F0AC-418A-AE84-A2B2BC937FB5}"
EndProject
Project("{2150E333-8FDC-42A3-9474-1A3956D46DE8}") = "Project", "Project", "{27636D13-68D0-4D2A-930A-57F46FE3551C}"
EndProject
Project("{2150E333-8FDC-42A3-9474-1A3956D46DE8}") = "Foundation", "Foundation", "{D3ECE9D4-FA53-4B75-A4F6-597B840151D7}"
EndProject
Project("{2150E333-8FDC-42A3-9474-1A3956D46DE8}") = "Configuration", "Configuration", "{A86943F0-FC0B-44BE-A70D-8CA512FA809A}"
	ProjectSection(SolutionItems) = preProject
		gulp-config.js = gulp-config.js
		gulpfile.js = gulpfile.js
		package.json = package.json
	EndProjectSection
EndProject
Project("{2150E333-8FDC-42A3-9474-1A3956D46DE8}") = "DEWA", "DEWA", "{C483D0CB-B96F-4A5F-BD34-0DAD679B1BC1}"
EndProject
Project("{2150E333-8FDC-42A3-9474-1A3956D46DE8}") = "Integration", "Integration", "{2940A013-7D0A-405A-87EF-FF601A93D61C}"
EndProject
Project("{FAE04EC0-301F-11D3-BF4B-00C04F79EFBC}") = "DEWAXP.Foundation.Integration", "Src\Foundation\Integration\Code\DEWAXP.Foundation.Integration.csproj", "{E8A3B425-E472-489A-8477-2960633E4436}"
EndProject
Project("{2150E333-8FDC-42A3-9474-1A3956D46DE8}") = "Logger", "Logger", "{01C609C3-2F23-4F1F-99DB-ADFBF8265847}"
EndProject
Project("{FAE04EC0-301F-11D3-BF4B-00C04F79EFBC}") = "DEWAXP.Foundation.Logger", "Src\Foundation\Logger\Code\DEWAXP.Foundation.Logger.csproj", "{142D75AA-420A-4F00-B346-28EC48717C4B}"
EndProject
Project("{2150E333-8FDC-42A3-9474-1A3956D46DE8}") = "DI", "DI", "{9350E54B-8C1C-4EE7-B4BA-489382D51459}"
EndProject
Project("{FAE04EC0-301F-11D3-BF4B-00C04F79EFBC}") = "DEWAXP.Foundation.DI", "Src\Foundation\DI\Code\DEWAXP.Foundation.DI.csproj", "{E47B29CA-D17F-48B5-84DC-E82D5ADD4AE0}"
EndProject
Project("{FAE04EC0-301F-11D3-BF4B-00C04F79EFBC}") = "DEWAXP.Project.DEWA", "Src\Project\DEWA\Code\DEWAXP.Project.DEWA.csproj", "{2E274F27-7B88-4AA2-9492-64598172AF25}"
EndProject
Project("{2150E333-8FDC-42A3-9474-1A3956D46DE8}") = "ORM", "ORM", "{D7572B4A-DC9B-4029-B9F9-BF5B3B735156}"
EndProject
Project("{FAE04EC0-301F-11D3-BF4B-00C04F79EFBC}") = "DEWAXP.Foundation.ORM", "Src\Foundation\ORM\Code\DEWAXP.Foundation.ORM.csproj", "{541B8451-AC10-4DCD-8E63-7D8CC7C438B4}"
EndProject
Project("{2150E333-8FDC-42A3-9474-1A3956D46DE8}") = "CommonComponents", "CommonComponents", "{C835E921-7EB4-4732-B8F7-821F2DCE2875}"
EndProject
Project("{FAE04EC0-301F-11D3-BF4B-00C04F79EFBC}") = "DEWAXP.Feature.CommonComponents", "Src\Feature\CommonComponents\Code\DEWAXP.Feature.CommonComponents.csproj", "{B303765E-6FCC-4C4E-9261-B21B555A7294}"
EndProject
Project("{2150E333-8FDC-42A3-9474-1A3956D46DE8}") = "Helpers", "Helpers", "{DA7B6EA7-CA8A-49AC-BEF9-EFC3D474020B}"
EndProject
Project("{FAE04EC0-301F-11D3-BF4B-00C04F79EFBC}") = "DEWAXP.Foundation.Helpers", "Src\Foundation\Helpers\Code\DEWAXP.Foundation.Helpers.csproj", "{F55C068B-DD15-4FB8-A70F-77348CC91E76}"
EndProject
Project("{2150E333-8FDC-42A3-9474-1A3956D46DE8}") = "SmartServices", "SmartServices", "{B3F7A120-5E2F-4AB9-A829-94557C025178}"
EndProject
Project("{2150E333-8FDC-42A3-9474-1A3956D46DE8}") = "Account", "Account", "{6EF8C482-4098-4304-95FC-F1542AE500E4}"
EndProject
Project("{2150E333-8FDC-42A3-9474-1A3956D46DE8}") = "Content", "Content", "{8C1AE2C1-CB23-49FA-A9D9-88C080415BE2}"
EndProject
Project("{FAE04EC0-301F-11D3-BF4B-00C04F79EFBC}") = "DEWAXP.Foundation.Content", "Src\Foundation\Content\Code\DEWAXP.Foundation.Content.csproj", "{E6FE8397-AC35-4BEB-8BBD-CA636CB3FC3B}"
EndProject
Project("{2150E333-8FDC-42A3-9474-1A3956D46DE8}") = "HappinessIndicator", "HappinessIndicator", "{A27CEC00-A9E0-4ACF-85E9-9070DC09E278}"
EndProject
Project("{FAE04EC0-301F-11D3-BF4B-00C04F79EFBC}") = "DEWAXP.Feature.HappinessIndicator", "Src\Feature\HappinessIndicator\Code\DEWAXP.Feature.HappinessIndicator.csproj", "{80F9AD9A-EB53-404E-9CC9-819BDE397E3F}"
EndProject
Project("{2150E333-8FDC-42A3-9474-1A3956D46DE8}") = "WebsiteSurvey", "WebsiteSurvey", "{91AA6432-DE7A-4523-ADB1-5ADEB2047E7B}"
EndProject
Project("{FAE04EC0-301F-11D3-BF4B-00C04F79EFBC}") = "DEWAXP.Feature.WebsiteSurvey", "Src\Feature\WebsiteSurvey\Code\DEWAXP.Feature.WebsiteSurvey.csproj", "{45951D93-87F0-46BD-BA32-5B0C35D92AEA}"
EndProject
Project("{FAE04EC0-301F-11D3-BF4B-00C04F79EFBC}") = "DEWAXP.Feature.Account", "Src\Feature\SmartServices\Account\Code\DEWAXP.Feature.Account.csproj", "{A6D02B9D-8071-4FAC-881B-12D1D9EFBD90}"
EndProject
Project("{2150E333-8FDC-42A3-9474-1A3956D46DE8}") = "Dashboard", "Dashboard", "{73BE2F04-E2C3-4798-B3C9-B963DCAF2481}"
EndProject
Project("{FAE04EC0-301F-11D3-BF4B-00C04F79EFBC}") = "DEWAXP.Feature.Dashboard", "Src\Feature\SmartServices\Dashboard\Code\DEWAXP.Feature.Dashboard.csproj", "{A3882C5B-6ACC-44F6-AA0D-1AE57E3231C9}"
EndProject
Project("{2150E333-8FDC-42A3-9474-1A3956D46DE8}") = "EV", "EV", "{1C52571C-D888-4A0C-BCAA-858001832131}"
EndProject
Project("{FAE04EC0-301F-11D3-BF4B-00C04F79EFBC}") = "DEWAXP.Feature.EV", "Src\Feature\SmartServices\EV\Code\DEWAXP.Feature.EV.csproj", "{CC18CF26-DF0B-4523-8F0A-AC31FD142647}"
EndProject
Project("{2150E333-8FDC-42A3-9474-1A3956D46DE8}") = "Search", "Search", "{8622B82D-C399-42B0-ACE5-1777C650275C}"
EndProject
Project("{FAE04EC0-301F-11D3-BF4B-00C04F79EFBC}") = "DEWAXP.Feature.Search", "Src\Feature\Search\Code\DEWAXP.Feature.Search.csproj", "{44976FB3-5453-45F9-9B4F-FBEC5C9FD246}"
EndProject
Project("{2150E333-8FDC-42A3-9474-1A3956D46DE8}") = "FormsExtensions", "FormsExtensions", "{A00938AF-1A69-46E4-BF98-8A3BE69C0B13}"
EndProject
Project("{FAE04EC0-301F-11D3-BF4B-00C04F79EFBC}") = "DEWAXP.Feature.FormsExtensions", "Src\Feature\FormsExtensions\Code\DEWAXP.Feature.FormsExtensions.csproj", "{3B719C01-DC8F-4B18-80EE-2A82FFCC7BD5}"
EndProject
Project("{2150E333-8FDC-42A3-9474-1A3956D46DE8}") = "SupplyManagement", "SupplyManagement", "{69BCBD89-503A-43FA-8D36-4D754BE082B1}"
EndProject
Project("{FAE04EC0-301F-11D3-BF4B-00C04F79EFBC}") = "DEWAXP.Feature.SupplyManagement", "Src\Feature\SmartServices\SupplyManagement\Code\DEWAXP.Feature.SupplyManagement.csproj", "{BBC5B7CC-6FBA-4DFE-AB0E-CD66301B5E34}"
EndProject
Project("{2150E333-8FDC-42A3-9474-1A3956D46DE8}") = "Bills", "Bills", "{06BB5605-DEE0-4F8E-BE47-0F81CBA5C601}"
EndProject
Project("{FAE04EC0-301F-11D3-BF4B-00C04F79EFBC}") = "DEWAXP.Feature.Bills", "Src\Feature\SmartServices\Bills\Code\DEWAXP.Feature.Bills.csproj", "{2E0E9A3A-EE0C-4798-9DC8-9E61916EDB69}"
EndProject
Project("{2150E333-8FDC-42A3-9474-1A3956D46DE8}") = "GeneralServices", "GeneralServices", "{5E660881-0A79-4251-99F5-08F597BC0DDC}"
EndProject
Project("{FAE04EC0-301F-11D3-BF4B-00C04F79EFBC}") = "DEWAXP.Feature.GeneralServices", "Src\Feature\SmartServices\GeneralServices\Code\DEWAXP.Feature.GeneralServices.csproj", "{59434E77-62A1-4239-A974-7B00DB95A381}"
EndProject
Project("{2150E333-8FDC-42A3-9474-1A3956D46DE8}") = "HR", "HR", "{03D33249-9A49-4312-A3B5-FCC52AF9DB48}"
EndProject
Project("{FAE04EC0-301F-11D3-BF4B-00C04F79EFBC}") = "DEWAXP.Feature.HR", "Src\Feature\SmartServices\HR\Code\DEWAXP.Feature.HR.csproj", "{AE464C45-95AD-42DD-B3AE-9549C70583F7}"
EndProject
Project("{2150E333-8FDC-42A3-9474-1A3956D46DE8}") = "Builder", "Builder", "{F40A3FA6-35B2-4666-8B65-D082DA0866BE}"
EndProject
Project("{2150E333-8FDC-42A3-9474-1A3956D46DE8}") = "Events", "Events", "{013E43BE-4754-420F-A647-1283549B7A4F}"
EndProject
Project("{FAE04EC0-301F-11D3-BF4B-00C04F79EFBC}") = "DEWAXP.Feature.Builder", "Src\Feature\SmartServices\Builder\Code\DEWAXP.Feature.Builder.csproj", "{DEF2C54D-A15F-4CD9-9761-87CE908DF5C7}"
EndProject
Project("{FAE04EC0-301F-11D3-BF4B-00C04F79EFBC}") = "DEWAXP.Feature.Events", "Src\Feature\SmartServices\Events\Code\DEWAXP.Feature.Events.csproj", "{1BD46683-AF44-469E-A9B8-E96883D22D48}"
EndProject
Project("{2150E333-8FDC-42A3-9474-1A3956D46DE8}") = "CustomDB", "CustomDB", "{37C6EC2F-AA66-4423-85C6-0F3165932F09}"
EndProject
Project("{FAE04EC0-301F-11D3-BF4B-00C04F79EFBC}") = "DEWAXP.Foundation.CustomDB", "Src\Foundation\CustomDB\Code\DEWAXP.Foundation.CustomDB.csproj", "{6C70B76D-9945-4B75-B707-1331943CB056}"
EndProject
Project("{2150E333-8FDC-42A3-9474-1A3956D46DE8}") = "ShamsDubai", "ShamsDubai", "{59427CC9-0F51-4A0C-B6EE-008F47A3E5AF}"
EndProject
Project("{FAE04EC0-301F-11D3-BF4B-00C04F79EFBC}") = "DEWAXP.Feature.ShamsDubai", "Src\Feature\SmartServices\ShamsDubai\Code\DEWAXP.Feature.ShamsDubai.csproj", "{BE58BDA5-FFDA-4BEC-9AD1-563149366679}"
EndProject
Project("{2150E333-8FDC-42A3-9474-1A3956D46DE8}") = "USC", "USC", "{E2823D98-2716-4EBD-AF6B-C324977FBA3D}"
EndProject
Project("{FAE04EC0-301F-11D3-BF4B-00C04F79EFBC}") = "DEWAXP.Feature.USC", "Src\Feature\SmartServices\USC\Code\DEWAXP.Feature.USC.csproj", "{3C42BF19-82AA-4714-BA99-A43DD7C5275A}"
EndProject
Project("{2150E333-8FDC-42A3-9474-1A3956D46DE8}") = "Payment", "Payment", "{A6E0F114-738B-4665-BD7D-8EA698E8990C}"
EndProject
Project("{FAE04EC0-301F-11D3-BF4B-00C04F79EFBC}") = "DEWAXP.Feature.Payment", "Src\Feature\SmartServices\Payment\Code\DEWAXP.Feature.Payment.csproj", "{D8B4496B-8697-4C4B-B196-D5E6CC4AA8CA}"
EndProject
Project("{2150E333-8FDC-42A3-9474-1A3956D46DE8}") = "IdealHome", "IdealHome", "{3E2CBD33-3176-4743-AB3B-7A018DE1CD95}"
EndProject
Project("{FAE04EC0-301F-11D3-BF4B-00C04F79EFBC}") = "DEWAXP.Feature.IdealHome", "Src\Feature\IdealHome\Code\DEWAXP.Feature.IdealHome.csproj", "{896A0F35-10B8-42A7-8BAE-25137CC009E1}"
EndProject
Project("{2150E333-8FDC-42A3-9474-1A3956D46DE8}") = "ScrapScale", "ScrapScale", "{75AE2FC5-37CE-45F2-A2BC-89AA62448408}"
EndProject
Project("{FAE04EC0-301F-11D3-BF4B-00C04F79EFBC}") = "DEWAXP.Feature.ScrapSale", "Src\Feature\SmartServices\ScrapSale\Code\DEWAXP.Feature.ScrapSale.csproj", "{94BB380A-3B64-463C-A116-AB226083F9E4}"
EndProject
Project("{2150E333-8FDC-42A3-9474-1A3956D46DE8}") = "GatePass", "GatePass", "{B36379E5-EAD4-4ED6-9C1B-0B68E15F6936}"
EndProject
Project("{FAE04EC0-301F-11D3-BF4B-00C04F79EFBC}") = "DEWAXP.Feature.GatePass", "Src\Feature\GatePass\Code\DEWAXP.Feature.GatePass.csproj", "{261F1828-4E4B-477A-8368-87E7A4A19EF6}"
EndProject
Project("{2150E333-8FDC-42A3-9474-1A3956D46DE8}") = "ChatBot", "ChatBot", "{635BE03F-E5FA-4AD4-B53A-7A3B33EA7FD8}"
EndProject
Project("{FAE04EC0-301F-11D3-BF4B-00C04F79EFBC}") = "DEWAXP.Feature.ChatBot", "Src\Feature\ChatBot\Code\DEWAXP.Feature.ChatBot.csproj", "{2D513A25-103D-4C23-B57A-B72D8ACBC7D4}"
EndProject
Project("{2150E333-8FDC-42A3-9474-1A3956D46DE8}") = "Partner", "Partner", "{1FE8FF24-BE0B-4991-BDC6-1D8273F1D8F1}"
EndProject
Project("{FAE04EC0-301F-11D3-BF4B-00C04F79EFBC}") = "DEWAXP.Feature.Partner", "Src\Feature\Partner\Code\DEWAXP.Feature.Partner.csproj", "{A4BE20DA-F9CC-455C-AA56-ABFD4CE09A0E}"
EndProject
Project("{2150E333-8FDC-42A3-9474-1A3956D46DE8}") = "Sitemap", "Sitemap", "{3C697E34-7F1E-4C41-86B9-C2C861679A20}"
EndProject
Project("{FAE04EC0-301F-11D3-BF4B-00C04F79EFBC}") = "DEWAXP.Foundation.Sitemap", "Src\Foundation\Sitemap\Code\DEWAXP.Foundation.Sitemap.csproj", "{FCF05592-29D3-438B-BAAD-57BB6B320E30}"
EndProject
Project("{2150E333-8FDC-42A3-9474-1A3956D46DE8}") = "DRRG", "DRRG", "{3BE33AF7-152F-4421-B56F-1DA70DFA274D}"
EndProject
Project("{FAE04EC0-301F-11D3-BF4B-00C04F79EFBC}") = "DEWAXP.Feature.DRRG", "Src\Feature\DRRG\Code\DEWAXP.Feature.DRRG.csproj", "{AE0FE1E1-A41B-42EE-996C-8974B13D83EA}"
EndProject
Global
	GlobalSection(SolutionConfigurationPlatforms) = preSolution
		Debug|Any CPU = Debug|Any CPU
		dev_dewa|Any CPU = dev_dewa|Any CPU
		qa_dewa_cd|Any CPU = qa_dewa_cd|Any CPU
		qa_dewa_cm|Any CPU = qa_dewa_cm|Any CPU
		qa_dewa_next|Any CPU = qa_dewa_next|Any CPU
		Release|Any CPU = Release|Any CPU
	EndGlobalSection
	GlobalSection(ProjectConfigurationPlatforms) = postSolution
		{E8A3B425-E472-489A-8477-2960633E4436}.Debug|Any CPU.ActiveCfg = Debug|Any CPU
		{E8A3B425-E472-489A-8477-2960633E4436}.Debug|Any CPU.Build.0 = Debug|Any CPU
		{E8A3B425-E472-489A-8477-2960633E4436}.dev_dewa|Any CPU.ActiveCfg = dev_dewa|Any CPU
		{E8A3B425-E472-489A-8477-2960633E4436}.dev_dewa|Any CPU.Build.0 = dev_dewa|Any CPU
		{E8A3B425-E472-489A-8477-2960633E4436}.qa_dewa_cd|Any CPU.ActiveCfg = qa_dewa_cd|Any CPU
		{E8A3B425-E472-489A-8477-2960633E4436}.qa_dewa_cd|Any CPU.Build.0 = qa_dewa_cd|Any CPU
		{E8A3B425-E472-489A-8477-2960633E4436}.qa_dewa_cm|Any CPU.ActiveCfg = qa_dewa_cm|Any CPU
		{E8A3B425-E472-489A-8477-2960633E4436}.qa_dewa_cm|Any CPU.Build.0 = qa_dewa_cm|Any CPU
		{E8A3B425-E472-489A-8477-2960633E4436}.qa_dewa_next|Any CPU.ActiveCfg = qa_dewa_next|Any CPU
		{E8A3B425-E472-489A-8477-2960633E4436}.qa_dewa_next|Any CPU.Build.0 = qa_dewa_next|Any CPU
		{E8A3B425-E472-489A-8477-2960633E4436}.Release|Any CPU.ActiveCfg = Release|Any CPU
		{E8A3B425-E472-489A-8477-2960633E4436}.Release|Any CPU.Build.0 = Release|Any CPU
		{142D75AA-420A-4F00-B346-28EC48717C4B}.Debug|Any CPU.ActiveCfg = Debug|Any CPU
		{142D75AA-420A-4F00-B346-28EC48717C4B}.Debug|Any CPU.Build.0 = Debug|Any CPU
		{142D75AA-420A-4F00-B346-28EC48717C4B}.dev_dewa|Any CPU.ActiveCfg = Debug|Any CPU
		{142D75AA-420A-4F00-B346-28EC48717C4B}.dev_dewa|Any CPU.Build.0 = Debug|Any CPU
		{142D75AA-420A-4F00-B346-28EC48717C4B}.qa_dewa_cd|Any CPU.ActiveCfg = Debug|Any CPU
		{142D75AA-420A-4F00-B346-28EC48717C4B}.qa_dewa_cd|Any CPU.Build.0 = Debug|Any CPU
		{142D75AA-420A-4F00-B346-28EC48717C4B}.qa_dewa_cm|Any CPU.ActiveCfg = Debug|Any CPU
		{142D75AA-420A-4F00-B346-28EC48717C4B}.qa_dewa_cm|Any CPU.Build.0 = Debug|Any CPU
		{142D75AA-420A-4F00-B346-28EC48717C4B}.qa_dewa_next|Any CPU.ActiveCfg = Debug|Any CPU
		{142D75AA-420A-4F00-B346-28EC48717C4B}.qa_dewa_next|Any CPU.Build.0 = Debug|Any CPU
		{142D75AA-420A-4F00-B346-28EC48717C4B}.Release|Any CPU.ActiveCfg = Release|Any CPU
		{142D75AA-420A-4F00-B346-28EC48717C4B}.Release|Any CPU.Build.0 = Release|Any CPU
		{E47B29CA-D17F-48B5-84DC-E82D5ADD4AE0}.Debug|Any CPU.ActiveCfg = Debug|Any CPU
		{E47B29CA-D17F-48B5-84DC-E82D5ADD4AE0}.Debug|Any CPU.Build.0 = Debug|Any CPU
		{E47B29CA-D17F-48B5-84DC-E82D5ADD4AE0}.dev_dewa|Any CPU.ActiveCfg = Debug|Any CPU
		{E47B29CA-D17F-48B5-84DC-E82D5ADD4AE0}.dev_dewa|Any CPU.Build.0 = Debug|Any CPU
		{E47B29CA-D17F-48B5-84DC-E82D5ADD4AE0}.qa_dewa_cd|Any CPU.ActiveCfg = Debug|Any CPU
		{E47B29CA-D17F-48B5-84DC-E82D5ADD4AE0}.qa_dewa_cd|Any CPU.Build.0 = Debug|Any CPU
		{E47B29CA-D17F-48B5-84DC-E82D5ADD4AE0}.qa_dewa_cm|Any CPU.ActiveCfg = Debug|Any CPU
		{E47B29CA-D17F-48B5-84DC-E82D5ADD4AE0}.qa_dewa_cm|Any CPU.Build.0 = Debug|Any CPU
		{E47B29CA-D17F-48B5-84DC-E82D5ADD4AE0}.qa_dewa_next|Any CPU.ActiveCfg = Debug|Any CPU
		{E47B29CA-D17F-48B5-84DC-E82D5ADD4AE0}.qa_dewa_next|Any CPU.Build.0 = Debug|Any CPU
		{E47B29CA-D17F-48B5-84DC-E82D5ADD4AE0}.Release|Any CPU.ActiveCfg = Release|Any CPU
		{E47B29CA-D17F-48B5-84DC-E82D5ADD4AE0}.Release|Any CPU.Build.0 = Release|Any CPU
		{2E274F27-7B88-4AA2-9492-64598172AF25}.Debug|Any CPU.ActiveCfg = Debug|Any CPU
		{2E274F27-7B88-4AA2-9492-64598172AF25}.Debug|Any CPU.Build.0 = Debug|Any CPU
		{2E274F27-7B88-4AA2-9492-64598172AF25}.dev_dewa|Any CPU.ActiveCfg = Debug|Any CPU
		{2E274F27-7B88-4AA2-9492-64598172AF25}.dev_dewa|Any CPU.Build.0 = Debug|Any CPU
		{2E274F27-7B88-4AA2-9492-64598172AF25}.qa_dewa_cd|Any CPU.ActiveCfg = Debug|Any CPU
		{2E274F27-7B88-4AA2-9492-64598172AF25}.qa_dewa_cd|Any CPU.Build.0 = Debug|Any CPU
		{2E274F27-7B88-4AA2-9492-64598172AF25}.qa_dewa_cm|Any CPU.ActiveCfg = Debug|Any CPU
		{2E274F27-7B88-4AA2-9492-64598172AF25}.qa_dewa_cm|Any CPU.Build.0 = Debug|Any CPU
		{2E274F27-7B88-4AA2-9492-64598172AF25}.qa_dewa_next|Any CPU.ActiveCfg = Debug|Any CPU
		{2E274F27-7B88-4AA2-9492-64598172AF25}.qa_dewa_next|Any CPU.Build.0 = Debug|Any CPU
		{2E274F27-7B88-4AA2-9492-64598172AF25}.Release|Any CPU.ActiveCfg = Release|Any CPU
		{2E274F27-7B88-4AA2-9492-64598172AF25}.Release|Any CPU.Build.0 = Release|Any CPU
		{541B8451-AC10-4DCD-8E63-7D8CC7C438B4}.Debug|Any CPU.ActiveCfg = Debug|Any CPU
		{541B8451-AC10-4DCD-8E63-7D8CC7C438B4}.Debug|Any CPU.Build.0 = Debug|Any CPU
		{541B8451-AC10-4DCD-8E63-7D8CC7C438B4}.dev_dewa|Any CPU.ActiveCfg = Debug|Any CPU
		{541B8451-AC10-4DCD-8E63-7D8CC7C438B4}.dev_dewa|Any CPU.Build.0 = Debug|Any CPU
		{541B8451-AC10-4DCD-8E63-7D8CC7C438B4}.qa_dewa_cd|Any CPU.ActiveCfg = Debug|Any CPU
		{541B8451-AC10-4DCD-8E63-7D8CC7C438B4}.qa_dewa_cd|Any CPU.Build.0 = Debug|Any CPU
		{541B8451-AC10-4DCD-8E63-7D8CC7C438B4}.qa_dewa_cm|Any CPU.ActiveCfg = Debug|Any CPU
		{541B8451-AC10-4DCD-8E63-7D8CC7C438B4}.qa_dewa_cm|Any CPU.Build.0 = Debug|Any CPU
		{541B8451-AC10-4DCD-8E63-7D8CC7C438B4}.qa_dewa_next|Any CPU.ActiveCfg = Debug|Any CPU
		{541B8451-AC10-4DCD-8E63-7D8CC7C438B4}.qa_dewa_next|Any CPU.Build.0 = Debug|Any CPU
		{541B8451-AC10-4DCD-8E63-7D8CC7C438B4}.Release|Any CPU.ActiveCfg = Release|Any CPU
		{541B8451-AC10-4DCD-8E63-7D8CC7C438B4}.Release|Any CPU.Build.0 = Release|Any CPU
		{B303765E-6FCC-4C4E-9261-B21B555A7294}.Debug|Any CPU.ActiveCfg = Debug|Any CPU
		{B303765E-6FCC-4C4E-9261-B21B555A7294}.Debug|Any CPU.Build.0 = Debug|Any CPU
		{B303765E-6FCC-4C4E-9261-B21B555A7294}.dev_dewa|Any CPU.ActiveCfg = Debug|Any CPU
		{B303765E-6FCC-4C4E-9261-B21B555A7294}.dev_dewa|Any CPU.Build.0 = Debug|Any CPU
		{B303765E-6FCC-4C4E-9261-B21B555A7294}.qa_dewa_cd|Any CPU.ActiveCfg = Debug|Any CPU
		{B303765E-6FCC-4C4E-9261-B21B555A7294}.qa_dewa_cd|Any CPU.Build.0 = Debug|Any CPU
		{B303765E-6FCC-4C4E-9261-B21B555A7294}.qa_dewa_cm|Any CPU.ActiveCfg = Debug|Any CPU
		{B303765E-6FCC-4C4E-9261-B21B555A7294}.qa_dewa_cm|Any CPU.Build.0 = Debug|Any CPU
		{B303765E-6FCC-4C4E-9261-B21B555A7294}.qa_dewa_next|Any CPU.ActiveCfg = Debug|Any CPU
		{B303765E-6FCC-4C4E-9261-B21B555A7294}.qa_dewa_next|Any CPU.Build.0 = Debug|Any CPU
		{B303765E-6FCC-4C4E-9261-B21B555A7294}.Release|Any CPU.ActiveCfg = Release|Any CPU
		{B303765E-6FCC-4C4E-9261-B21B555A7294}.Release|Any CPU.Build.0 = Release|Any CPU
		{F55C068B-DD15-4FB8-A70F-77348CC91E76}.Debug|Any CPU.ActiveCfg = Debug|Any CPU
		{F55C068B-DD15-4FB8-A70F-77348CC91E76}.Debug|Any CPU.Build.0 = Debug|Any CPU
		{F55C068B-DD15-4FB8-A70F-77348CC91E76}.dev_dewa|Any CPU.ActiveCfg = Debug|Any CPU
		{F55C068B-DD15-4FB8-A70F-77348CC91E76}.dev_dewa|Any CPU.Build.0 = Debug|Any CPU
		{F55C068B-DD15-4FB8-A70F-77348CC91E76}.qa_dewa_cd|Any CPU.ActiveCfg = Debug|Any CPU
		{F55C068B-DD15-4FB8-A70F-77348CC91E76}.qa_dewa_cd|Any CPU.Build.0 = Debug|Any CPU
		{F55C068B-DD15-4FB8-A70F-77348CC91E76}.qa_dewa_cm|Any CPU.ActiveCfg = Debug|Any CPU
		{F55C068B-DD15-4FB8-A70F-77348CC91E76}.qa_dewa_cm|Any CPU.Build.0 = Debug|Any CPU
		{F55C068B-DD15-4FB8-A70F-77348CC91E76}.qa_dewa_next|Any CPU.ActiveCfg = Debug|Any CPU
		{F55C068B-DD15-4FB8-A70F-77348CC91E76}.qa_dewa_next|Any CPU.Build.0 = Debug|Any CPU
		{F55C068B-DD15-4FB8-A70F-77348CC91E76}.Release|Any CPU.ActiveCfg = Release|Any CPU
		{F55C068B-DD15-4FB8-A70F-77348CC91E76}.Release|Any CPU.Build.0 = Release|Any CPU
		{E6FE8397-AC35-4BEB-8BBD-CA636CB3FC3B}.Debug|Any CPU.ActiveCfg = Debug|Any CPU
		{E6FE8397-AC35-4BEB-8BBD-CA636CB3FC3B}.Debug|Any CPU.Build.0 = Debug|Any CPU
		{E6FE8397-AC35-4BEB-8BBD-CA636CB3FC3B}.dev_dewa|Any CPU.ActiveCfg = Debug|Any CPU
		{E6FE8397-AC35-4BEB-8BBD-CA636CB3FC3B}.dev_dewa|Any CPU.Build.0 = Debug|Any CPU
		{E6FE8397-AC35-4BEB-8BBD-CA636CB3FC3B}.qa_dewa_cd|Any CPU.ActiveCfg = Debug|Any CPU
		{E6FE8397-AC35-4BEB-8BBD-CA636CB3FC3B}.qa_dewa_cd|Any CPU.Build.0 = Debug|Any CPU
		{E6FE8397-AC35-4BEB-8BBD-CA636CB3FC3B}.qa_dewa_cm|Any CPU.ActiveCfg = Debug|Any CPU
		{E6FE8397-AC35-4BEB-8BBD-CA636CB3FC3B}.qa_dewa_cm|Any CPU.Build.0 = Debug|Any CPU
		{E6FE8397-AC35-4BEB-8BBD-CA636CB3FC3B}.qa_dewa_next|Any CPU.ActiveCfg = Debug|Any CPU
		{E6FE8397-AC35-4BEB-8BBD-CA636CB3FC3B}.qa_dewa_next|Any CPU.Build.0 = Debug|Any CPU
		{E6FE8397-AC35-4BEB-8BBD-CA636CB3FC3B}.Release|Any CPU.ActiveCfg = Release|Any CPU
		{E6FE8397-AC35-4BEB-8BBD-CA636CB3FC3B}.Release|Any CPU.Build.0 = Release|Any CPU
		{80F9AD9A-EB53-404E-9CC9-819BDE397E3F}.Debug|Any CPU.ActiveCfg = Debug|Any CPU
		{80F9AD9A-EB53-404E-9CC9-819BDE397E3F}.Debug|Any CPU.Build.0 = Debug|Any CPU
		{80F9AD9A-EB53-404E-9CC9-819BDE397E3F}.dev_dewa|Any CPU.ActiveCfg = Debug|Any CPU
		{80F9AD9A-EB53-404E-9CC9-819BDE397E3F}.dev_dewa|Any CPU.Build.0 = Debug|Any CPU
		{80F9AD9A-EB53-404E-9CC9-819BDE397E3F}.qa_dewa_cd|Any CPU.ActiveCfg = Debug|Any CPU
		{80F9AD9A-EB53-404E-9CC9-819BDE397E3F}.qa_dewa_cd|Any CPU.Build.0 = Debug|Any CPU
		{80F9AD9A-EB53-404E-9CC9-819BDE397E3F}.qa_dewa_cm|Any CPU.ActiveCfg = Debug|Any CPU
		{80F9AD9A-EB53-404E-9CC9-819BDE397E3F}.qa_dewa_cm|Any CPU.Build.0 = Debug|Any CPU
		{80F9AD9A-EB53-404E-9CC9-819BDE397E3F}.qa_dewa_next|Any CPU.ActiveCfg = Debug|Any CPU
		{80F9AD9A-EB53-404E-9CC9-819BDE397E3F}.qa_dewa_next|Any CPU.Build.0 = Debug|Any CPU
		{80F9AD9A-EB53-404E-9CC9-819BDE397E3F}.Release|Any CPU.ActiveCfg = Release|Any CPU
		{80F9AD9A-EB53-404E-9CC9-819BDE397E3F}.Release|Any CPU.Build.0 = Release|Any CPU
		{45951D93-87F0-46BD-BA32-5B0C35D92AEA}.Debug|Any CPU.ActiveCfg = Debug|Any CPU
		{45951D93-87F0-46BD-BA32-5B0C35D92AEA}.Debug|Any CPU.Build.0 = Debug|Any CPU
		{45951D93-87F0-46BD-BA32-5B0C35D92AEA}.dev_dewa|Any CPU.ActiveCfg = Debug|Any CPU
		{45951D93-87F0-46BD-BA32-5B0C35D92AEA}.dev_dewa|Any CPU.Build.0 = Debug|Any CPU
		{45951D93-87F0-46BD-BA32-5B0C35D92AEA}.qa_dewa_cd|Any CPU.ActiveCfg = Debug|Any CPU
		{45951D93-87F0-46BD-BA32-5B0C35D92AEA}.qa_dewa_cd|Any CPU.Build.0 = Debug|Any CPU
		{45951D93-87F0-46BD-BA32-5B0C35D92AEA}.qa_dewa_cm|Any CPU.ActiveCfg = Debug|Any CPU
		{45951D93-87F0-46BD-BA32-5B0C35D92AEA}.qa_dewa_cm|Any CPU.Build.0 = Debug|Any CPU
		{45951D93-87F0-46BD-BA32-5B0C35D92AEA}.qa_dewa_next|Any CPU.ActiveCfg = Debug|Any CPU
		{45951D93-87F0-46BD-BA32-5B0C35D92AEA}.qa_dewa_next|Any CPU.Build.0 = Debug|Any CPU
		{45951D93-87F0-46BD-BA32-5B0C35D92AEA}.Release|Any CPU.ActiveCfg = Release|Any CPU
		{45951D93-87F0-46BD-BA32-5B0C35D92AEA}.Release|Any CPU.Build.0 = Release|Any CPU
		{A6D02B9D-8071-4FAC-881B-12D1D9EFBD90}.Debug|Any CPU.ActiveCfg = Debug|Any CPU
		{A6D02B9D-8071-4FAC-881B-12D1D9EFBD90}.Debug|Any CPU.Build.0 = Debug|Any CPU
		{A6D02B9D-8071-4FAC-881B-12D1D9EFBD90}.dev_dewa|Any CPU.ActiveCfg = Debug|Any CPU
		{A6D02B9D-8071-4FAC-881B-12D1D9EFBD90}.dev_dewa|Any CPU.Build.0 = Debug|Any CPU
		{A6D02B9D-8071-4FAC-881B-12D1D9EFBD90}.qa_dewa_cd|Any CPU.ActiveCfg = Debug|Any CPU
		{A6D02B9D-8071-4FAC-881B-12D1D9EFBD90}.qa_dewa_cd|Any CPU.Build.0 = Debug|Any CPU
		{A6D02B9D-8071-4FAC-881B-12D1D9EFBD90}.qa_dewa_cm|Any CPU.ActiveCfg = Debug|Any CPU
		{A6D02B9D-8071-4FAC-881B-12D1D9EFBD90}.qa_dewa_cm|Any CPU.Build.0 = Debug|Any CPU
		{A6D02B9D-8071-4FAC-881B-12D1D9EFBD90}.qa_dewa_next|Any CPU.ActiveCfg = Debug|Any CPU
		{A6D02B9D-8071-4FAC-881B-12D1D9EFBD90}.qa_dewa_next|Any CPU.Build.0 = Debug|Any CPU
		{A6D02B9D-8071-4FAC-881B-12D1D9EFBD90}.Release|Any CPU.ActiveCfg = Release|Any CPU
		{A6D02B9D-8071-4FAC-881B-12D1D9EFBD90}.Release|Any CPU.Build.0 = Release|Any CPU
		{A3882C5B-6ACC-44F6-AA0D-1AE57E3231C9}.Debug|Any CPU.ActiveCfg = Debug|Any CPU
		{A3882C5B-6ACC-44F6-AA0D-1AE57E3231C9}.Debug|Any CPU.Build.0 = Debug|Any CPU
		{A3882C5B-6ACC-44F6-AA0D-1AE57E3231C9}.dev_dewa|Any CPU.ActiveCfg = Debug|Any CPU
		{A3882C5B-6ACC-44F6-AA0D-1AE57E3231C9}.dev_dewa|Any CPU.Build.0 = Debug|Any CPU
		{A3882C5B-6ACC-44F6-AA0D-1AE57E3231C9}.qa_dewa_cd|Any CPU.ActiveCfg = Debug|Any CPU
		{A3882C5B-6ACC-44F6-AA0D-1AE57E3231C9}.qa_dewa_cd|Any CPU.Build.0 = Debug|Any CPU
		{A3882C5B-6ACC-44F6-AA0D-1AE57E3231C9}.qa_dewa_cm|Any CPU.ActiveCfg = Debug|Any CPU
		{A3882C5B-6ACC-44F6-AA0D-1AE57E3231C9}.qa_dewa_cm|Any CPU.Build.0 = Debug|Any CPU
		{A3882C5B-6ACC-44F6-AA0D-1AE57E3231C9}.qa_dewa_next|Any CPU.ActiveCfg = Debug|Any CPU
		{A3882C5B-6ACC-44F6-AA0D-1AE57E3231C9}.qa_dewa_next|Any CPU.Build.0 = Debug|Any CPU
		{A3882C5B-6ACC-44F6-AA0D-1AE57E3231C9}.Release|Any CPU.ActiveCfg = Release|Any CPU
		{A3882C5B-6ACC-44F6-AA0D-1AE57E3231C9}.Release|Any CPU.Build.0 = Release|Any CPU
		{CC18CF26-DF0B-4523-8F0A-AC31FD142647}.Debug|Any CPU.ActiveCfg = Debug|Any CPU
		{CC18CF26-DF0B-4523-8F0A-AC31FD142647}.Debug|Any CPU.Build.0 = Debug|Any CPU
		{CC18CF26-DF0B-4523-8F0A-AC31FD142647}.dev_dewa|Any CPU.ActiveCfg = Debug|Any CPU
		{CC18CF26-DF0B-4523-8F0A-AC31FD142647}.dev_dewa|Any CPU.Build.0 = Debug|Any CPU
		{CC18CF26-DF0B-4523-8F0A-AC31FD142647}.qa_dewa_cd|Any CPU.ActiveCfg = Debug|Any CPU
		{CC18CF26-DF0B-4523-8F0A-AC31FD142647}.qa_dewa_cd|Any CPU.Build.0 = Debug|Any CPU
		{CC18CF26-DF0B-4523-8F0A-AC31FD142647}.qa_dewa_cm|Any CPU.ActiveCfg = Debug|Any CPU
		{CC18CF26-DF0B-4523-8F0A-AC31FD142647}.qa_dewa_cm|Any CPU.Build.0 = Debug|Any CPU
		{CC18CF26-DF0B-4523-8F0A-AC31FD142647}.qa_dewa_next|Any CPU.ActiveCfg = Debug|Any CPU
		{CC18CF26-DF0B-4523-8F0A-AC31FD142647}.qa_dewa_next|Any CPU.Build.0 = Debug|Any CPU
		{CC18CF26-DF0B-4523-8F0A-AC31FD142647}.Release|Any CPU.ActiveCfg = Release|Any CPU
		{CC18CF26-DF0B-4523-8F0A-AC31FD142647}.Release|Any CPU.Build.0 = Release|Any CPU
		{44976FB3-5453-45F9-9B4F-FBEC5C9FD246}.Debug|Any CPU.ActiveCfg = Debug|Any CPU
		{44976FB3-5453-45F9-9B4F-FBEC5C9FD246}.Debug|Any CPU.Build.0 = Debug|Any CPU
		{44976FB3-5453-45F9-9B4F-FBEC5C9FD246}.dev_dewa|Any CPU.ActiveCfg = Debug|Any CPU
		{44976FB3-5453-45F9-9B4F-FBEC5C9FD246}.dev_dewa|Any CPU.Build.0 = Debug|Any CPU
		{44976FB3-5453-45F9-9B4F-FBEC5C9FD246}.qa_dewa_cd|Any CPU.ActiveCfg = Debug|Any CPU
		{44976FB3-5453-45F9-9B4F-FBEC5C9FD246}.qa_dewa_cd|Any CPU.Build.0 = Debug|Any CPU
		{44976FB3-5453-45F9-9B4F-FBEC5C9FD246}.qa_dewa_cm|Any CPU.ActiveCfg = Debug|Any CPU
		{44976FB3-5453-45F9-9B4F-FBEC5C9FD246}.qa_dewa_cm|Any CPU.Build.0 = Debug|Any CPU
		{44976FB3-5453-45F9-9B4F-FBEC5C9FD246}.qa_dewa_next|Any CPU.ActiveCfg = Debug|Any CPU
		{44976FB3-5453-45F9-9B4F-FBEC5C9FD246}.qa_dewa_next|Any CPU.Build.0 = Debug|Any CPU
		{44976FB3-5453-45F9-9B4F-FBEC5C9FD246}.Release|Any CPU.ActiveCfg = Release|Any CPU
		{44976FB3-5453-45F9-9B4F-FBEC5C9FD246}.Release|Any CPU.Build.0 = Release|Any CPU
		{3B719C01-DC8F-4B18-80EE-2A82FFCC7BD5}.Debug|Any CPU.ActiveCfg = Debug|Any CPU
		{3B719C01-DC8F-4B18-80EE-2A82FFCC7BD5}.Debug|Any CPU.Build.0 = Debug|Any CPU
		{3B719C01-DC8F-4B18-80EE-2A82FFCC7BD5}.dev_dewa|Any CPU.ActiveCfg = Debug|Any CPU
		{3B719C01-DC8F-4B18-80EE-2A82FFCC7BD5}.dev_dewa|Any CPU.Build.0 = Debug|Any CPU
		{3B719C01-DC8F-4B18-80EE-2A82FFCC7BD5}.qa_dewa_cd|Any CPU.ActiveCfg = Debug|Any CPU
		{3B719C01-DC8F-4B18-80EE-2A82FFCC7BD5}.qa_dewa_cd|Any CPU.Build.0 = Debug|Any CPU
		{3B719C01-DC8F-4B18-80EE-2A82FFCC7BD5}.qa_dewa_cm|Any CPU.ActiveCfg = Debug|Any CPU
		{3B719C01-DC8F-4B18-80EE-2A82FFCC7BD5}.qa_dewa_cm|Any CPU.Build.0 = Debug|Any CPU
		{3B719C01-DC8F-4B18-80EE-2A82FFCC7BD5}.qa_dewa_next|Any CPU.ActiveCfg = Debug|Any CPU
		{3B719C01-DC8F-4B18-80EE-2A82FFCC7BD5}.qa_dewa_next|Any CPU.Build.0 = Debug|Any CPU
		{3B719C01-DC8F-4B18-80EE-2A82FFCC7BD5}.Release|Any CPU.ActiveCfg = Release|Any CPU
		{3B719C01-DC8F-4B18-80EE-2A82FFCC7BD5}.Release|Any CPU.Build.0 = Release|Any CPU
		{BBC5B7CC-6FBA-4DFE-AB0E-CD66301B5E34}.Debug|Any CPU.ActiveCfg = Debug|Any CPU
		{BBC5B7CC-6FBA-4DFE-AB0E-CD66301B5E34}.Debug|Any CPU.Build.0 = Debug|Any CPU
		{BBC5B7CC-6FBA-4DFE-AB0E-CD66301B5E34}.dev_dewa|Any CPU.ActiveCfg = Debug|Any CPU
		{BBC5B7CC-6FBA-4DFE-AB0E-CD66301B5E34}.dev_dewa|Any CPU.Build.0 = Debug|Any CPU
		{BBC5B7CC-6FBA-4DFE-AB0E-CD66301B5E34}.qa_dewa_cd|Any CPU.ActiveCfg = Debug|Any CPU
		{BBC5B7CC-6FBA-4DFE-AB0E-CD66301B5E34}.qa_dewa_cd|Any CPU.Build.0 = Debug|Any CPU
		{BBC5B7CC-6FBA-4DFE-AB0E-CD66301B5E34}.qa_dewa_cm|Any CPU.ActiveCfg = Debug|Any CPU
		{BBC5B7CC-6FBA-4DFE-AB0E-CD66301B5E34}.qa_dewa_cm|Any CPU.Build.0 = Debug|Any CPU
		{BBC5B7CC-6FBA-4DFE-AB0E-CD66301B5E34}.qa_dewa_next|Any CPU.ActiveCfg = Debug|Any CPU
		{BBC5B7CC-6FBA-4DFE-AB0E-CD66301B5E34}.qa_dewa_next|Any CPU.Build.0 = Debug|Any CPU
		{BBC5B7CC-6FBA-4DFE-AB0E-CD66301B5E34}.Release|Any CPU.ActiveCfg = Release|Any CPU
		{BBC5B7CC-6FBA-4DFE-AB0E-CD66301B5E34}.Release|Any CPU.Build.0 = Release|Any CPU
		{2E0E9A3A-EE0C-4798-9DC8-9E61916EDB69}.Debug|Any CPU.ActiveCfg = Debug|Any CPU
		{2E0E9A3A-EE0C-4798-9DC8-9E61916EDB69}.Debug|Any CPU.Build.0 = Debug|Any CPU
		{2E0E9A3A-EE0C-4798-9DC8-9E61916EDB69}.dev_dewa|Any CPU.ActiveCfg = Debug|Any CPU
		{2E0E9A3A-EE0C-4798-9DC8-9E61916EDB69}.dev_dewa|Any CPU.Build.0 = Debug|Any CPU
		{2E0E9A3A-EE0C-4798-9DC8-9E61916EDB69}.qa_dewa_cd|Any CPU.ActiveCfg = Debug|Any CPU
		{2E0E9A3A-EE0C-4798-9DC8-9E61916EDB69}.qa_dewa_cd|Any CPU.Build.0 = Debug|Any CPU
		{2E0E9A3A-EE0C-4798-9DC8-9E61916EDB69}.qa_dewa_cm|Any CPU.ActiveCfg = Debug|Any CPU
		{2E0E9A3A-EE0C-4798-9DC8-9E61916EDB69}.qa_dewa_cm|Any CPU.Build.0 = Debug|Any CPU
		{2E0E9A3A-EE0C-4798-9DC8-9E61916EDB69}.qa_dewa_next|Any CPU.ActiveCfg = Debug|Any CPU
		{2E0E9A3A-EE0C-4798-9DC8-9E61916EDB69}.qa_dewa_next|Any CPU.Build.0 = Debug|Any CPU
		{2E0E9A3A-EE0C-4798-9DC8-9E61916EDB69}.Release|Any CPU.ActiveCfg = Release|Any CPU
		{2E0E9A3A-EE0C-4798-9DC8-9E61916EDB69}.Release|Any CPU.Build.0 = Release|Any CPU
		{59434E77-62A1-4239-A974-7B00DB95A381}.Debug|Any CPU.ActiveCfg = Debug|Any CPU
		{59434E77-62A1-4239-A974-7B00DB95A381}.Debug|Any CPU.Build.0 = Debug|Any CPU
		{59434E77-62A1-4239-A974-7B00DB95A381}.dev_dewa|Any CPU.ActiveCfg = Debug|Any CPU
		{59434E77-62A1-4239-A974-7B00DB95A381}.dev_dewa|Any CPU.Build.0 = Debug|Any CPU
		{59434E77-62A1-4239-A974-7B00DB95A381}.qa_dewa_cd|Any CPU.ActiveCfg = Debug|Any CPU
		{59434E77-62A1-4239-A974-7B00DB95A381}.qa_dewa_cd|Any CPU.Build.0 = Debug|Any CPU
		{59434E77-62A1-4239-A974-7B00DB95A381}.qa_dewa_cm|Any CPU.ActiveCfg = Debug|Any CPU
		{59434E77-62A1-4239-A974-7B00DB95A381}.qa_dewa_cm|Any CPU.Build.0 = Debug|Any CPU
		{59434E77-62A1-4239-A974-7B00DB95A381}.qa_dewa_next|Any CPU.ActiveCfg = Debug|Any CPU
		{59434E77-62A1-4239-A974-7B00DB95A381}.qa_dewa_next|Any CPU.Build.0 = Debug|Any CPU
		{59434E77-62A1-4239-A974-7B00DB95A381}.Release|Any CPU.ActiveCfg = Release|Any CPU
		{59434E77-62A1-4239-A974-7B00DB95A381}.Release|Any CPU.Build.0 = Release|Any CPU
		{AE464C45-95AD-42DD-B3AE-9549C70583F7}.Debug|Any CPU.ActiveCfg = Debug|Any CPU
		{AE464C45-95AD-42DD-B3AE-9549C70583F7}.Debug|Any CPU.Build.0 = Debug|Any CPU
		{AE464C45-95AD-42DD-B3AE-9549C70583F7}.dev_dewa|Any CPU.ActiveCfg = Debug|Any CPU
		{AE464C45-95AD-42DD-B3AE-9549C70583F7}.dev_dewa|Any CPU.Build.0 = Debug|Any CPU
		{AE464C45-95AD-42DD-B3AE-9549C70583F7}.qa_dewa_cd|Any CPU.ActiveCfg = Debug|Any CPU
		{AE464C45-95AD-42DD-B3AE-9549C70583F7}.qa_dewa_cd|Any CPU.Build.0 = Debug|Any CPU
		{AE464C45-95AD-42DD-B3AE-9549C70583F7}.qa_dewa_cm|Any CPU.ActiveCfg = Debug|Any CPU
		{AE464C45-95AD-42DD-B3AE-9549C70583F7}.qa_dewa_cm|Any CPU.Build.0 = Debug|Any CPU
		{AE464C45-95AD-42DD-B3AE-9549C70583F7}.qa_dewa_next|Any CPU.ActiveCfg = Debug|Any CPU
		{AE464C45-95AD-42DD-B3AE-9549C70583F7}.qa_dewa_next|Any CPU.Build.0 = Debug|Any CPU
		{AE464C45-95AD-42DD-B3AE-9549C70583F7}.Release|Any CPU.ActiveCfg = Release|Any CPU
		{AE464C45-95AD-42DD-B3AE-9549C70583F7}.Release|Any CPU.Build.0 = Release|Any CPU
		{DEF2C54D-A15F-4CD9-9761-87CE908DF5C7}.Debug|Any CPU.ActiveCfg = Debug|Any CPU
		{DEF2C54D-A15F-4CD9-9761-87CE908DF5C7}.Debug|Any CPU.Build.0 = Debug|Any CPU
		{DEF2C54D-A15F-4CD9-9761-87CE908DF5C7}.dev_dewa|Any CPU.ActiveCfg = Debug|Any CPU
		{DEF2C54D-A15F-4CD9-9761-87CE908DF5C7}.dev_dewa|Any CPU.Build.0 = Debug|Any CPU
		{DEF2C54D-A15F-4CD9-9761-87CE908DF5C7}.qa_dewa_cd|Any CPU.ActiveCfg = Debug|Any CPU
		{DEF2C54D-A15F-4CD9-9761-87CE908DF5C7}.qa_dewa_cd|Any CPU.Build.0 = Debug|Any CPU
		{DEF2C54D-A15F-4CD9-9761-87CE908DF5C7}.qa_dewa_cm|Any CPU.ActiveCfg = Debug|Any CPU
		{DEF2C54D-A15F-4CD9-9761-87CE908DF5C7}.qa_dewa_cm|Any CPU.Build.0 = Debug|Any CPU
		{DEF2C54D-A15F-4CD9-9761-87CE908DF5C7}.qa_dewa_next|Any CPU.ActiveCfg = Debug|Any CPU
		{DEF2C54D-A15F-4CD9-9761-87CE908DF5C7}.qa_dewa_next|Any CPU.Build.0 = Debug|Any CPU
		{DEF2C54D-A15F-4CD9-9761-87CE908DF5C7}.Release|Any CPU.ActiveCfg = Release|Any CPU
		{DEF2C54D-A15F-4CD9-9761-87CE908DF5C7}.Release|Any CPU.Build.0 = Release|Any CPU
		{1BD46683-AF44-469E-A9B8-E96883D22D48}.Debug|Any CPU.ActiveCfg = Debug|Any CPU
		{1BD46683-AF44-469E-A9B8-E96883D22D48}.Debug|Any CPU.Build.0 = Debug|Any CPU
		{1BD46683-AF44-469E-A9B8-E96883D22D48}.dev_dewa|Any CPU.ActiveCfg = Debug|Any CPU
		{1BD46683-AF44-469E-A9B8-E96883D22D48}.dev_dewa|Any CPU.Build.0 = Debug|Any CPU
		{1BD46683-AF44-469E-A9B8-E96883D22D48}.qa_dewa_cd|Any CPU.ActiveCfg = Debug|Any CPU
		{1BD46683-AF44-469E-A9B8-E96883D22D48}.qa_dewa_cd|Any CPU.Build.0 = Debug|Any CPU
		{1BD46683-AF44-469E-A9B8-E96883D22D48}.qa_dewa_cm|Any CPU.ActiveCfg = Debug|Any CPU
		{1BD46683-AF44-469E-A9B8-E96883D22D48}.qa_dewa_cm|Any CPU.Build.0 = Debug|Any CPU
		{1BD46683-AF44-469E-A9B8-E96883D22D48}.qa_dewa_next|Any CPU.ActiveCfg = Debug|Any CPU
		{1BD46683-AF44-469E-A9B8-E96883D22D48}.qa_dewa_next|Any CPU.Build.0 = Debug|Any CPU
		{1BD46683-AF44-469E-A9B8-E96883D22D48}.Release|Any CPU.ActiveCfg = Release|Any CPU
		{1BD46683-AF44-469E-A9B8-E96883D22D48}.Release|Any CPU.Build.0 = Release|Any CPU
		{6C70B76D-9945-4B75-B707-1331943CB056}.Debug|Any CPU.ActiveCfg = Debug|Any CPU
		{6C70B76D-9945-4B75-B707-1331943CB056}.Debug|Any CPU.Build.0 = Debug|Any CPU
		{6C70B76D-9945-4B75-B707-1331943CB056}.dev_dewa|Any CPU.ActiveCfg = Debug|Any CPU
		{6C70B76D-9945-4B75-B707-1331943CB056}.dev_dewa|Any CPU.Build.0 = Debug|Any CPU
		{6C70B76D-9945-4B75-B707-1331943CB056}.qa_dewa_cd|Any CPU.ActiveCfg = Debug|Any CPU
		{6C70B76D-9945-4B75-B707-1331943CB056}.qa_dewa_cd|Any CPU.Build.0 = Debug|Any CPU
		{6C70B76D-9945-4B75-B707-1331943CB056}.qa_dewa_cm|Any CPU.ActiveCfg = Debug|Any CPU
		{6C70B76D-9945-4B75-B707-1331943CB056}.qa_dewa_cm|Any CPU.Build.0 = Debug|Any CPU
		{6C70B76D-9945-4B75-B707-1331943CB056}.qa_dewa_next|Any CPU.ActiveCfg = Debug|Any CPU
		{6C70B76D-9945-4B75-B707-1331943CB056}.qa_dewa_next|Any CPU.Build.0 = Debug|Any CPU
		{6C70B76D-9945-4B75-B707-1331943CB056}.Release|Any CPU.ActiveCfg = Release|Any CPU
		{6C70B76D-9945-4B75-B707-1331943CB056}.Release|Any CPU.Build.0 = Release|Any CPU
		{BE58BDA5-FFDA-4BEC-9AD1-563149366679}.Debug|Any CPU.ActiveCfg = Debug|Any CPU
		{BE58BDA5-FFDA-4BEC-9AD1-563149366679}.Debug|Any CPU.Build.0 = Debug|Any CPU
		{BE58BDA5-FFDA-4BEC-9AD1-563149366679}.dev_dewa|Any CPU.ActiveCfg = Debug|Any CPU
		{BE58BDA5-FFDA-4BEC-9AD1-563149366679}.dev_dewa|Any CPU.Build.0 = Debug|Any CPU
		{BE58BDA5-FFDA-4BEC-9AD1-563149366679}.qa_dewa_cd|Any CPU.ActiveCfg = Debug|Any CPU
		{BE58BDA5-FFDA-4BEC-9AD1-563149366679}.qa_dewa_cd|Any CPU.Build.0 = Debug|Any CPU
		{BE58BDA5-FFDA-4BEC-9AD1-563149366679}.qa_dewa_cm|Any CPU.ActiveCfg = Debug|Any CPU
		{BE58BDA5-FFDA-4BEC-9AD1-563149366679}.qa_dewa_cm|Any CPU.Build.0 = Debug|Any CPU
		{BE58BDA5-FFDA-4BEC-9AD1-563149366679}.qa_dewa_next|Any CPU.ActiveCfg = Debug|Any CPU
		{BE58BDA5-FFDA-4BEC-9AD1-563149366679}.qa_dewa_next|Any CPU.Build.0 = Debug|Any CPU
		{BE58BDA5-FFDA-4BEC-9AD1-563149366679}.Release|Any CPU.ActiveCfg = Release|Any CPU
		{BE58BDA5-FFDA-4BEC-9AD1-563149366679}.Release|Any CPU.Build.0 = Release|Any CPU
		{3C42BF19-82AA-4714-BA99-A43DD7C5275A}.Debug|Any CPU.ActiveCfg = Debug|Any CPU
		{3C42BF19-82AA-4714-BA99-A43DD7C5275A}.Debug|Any CPU.Build.0 = Debug|Any CPU
		{3C42BF19-82AA-4714-BA99-A43DD7C5275A}.dev_dewa|Any CPU.ActiveCfg = Debug|Any CPU
		{3C42BF19-82AA-4714-BA99-A43DD7C5275A}.dev_dewa|Any CPU.Build.0 = Debug|Any CPU
		{3C42BF19-82AA-4714-BA99-A43DD7C5275A}.qa_dewa_cd|Any CPU.ActiveCfg = Debug|Any CPU
		{3C42BF19-82AA-4714-BA99-A43DD7C5275A}.qa_dewa_cd|Any CPU.Build.0 = Debug|Any CPU
		{3C42BF19-82AA-4714-BA99-A43DD7C5275A}.qa_dewa_cm|Any CPU.ActiveCfg = Debug|Any CPU
		{3C42BF19-82AA-4714-BA99-A43DD7C5275A}.qa_dewa_cm|Any CPU.Build.0 = Debug|Any CPU
		{3C42BF19-82AA-4714-BA99-A43DD7C5275A}.qa_dewa_next|Any CPU.ActiveCfg = Debug|Any CPU
		{3C42BF19-82AA-4714-BA99-A43DD7C5275A}.qa_dewa_next|Any CPU.Build.0 = Debug|Any CPU
		{3C42BF19-82AA-4714-BA99-A43DD7C5275A}.Release|Any CPU.ActiveCfg = Release|Any CPU
		{3C42BF19-82AA-4714-BA99-A43DD7C5275A}.Release|Any CPU.Build.0 = Release|Any CPU
		{D8B4496B-8697-4C4B-B196-D5E6CC4AA8CA}.Debug|Any CPU.ActiveCfg = Debug|Any CPU
		{D8B4496B-8697-4C4B-B196-D5E6CC4AA8CA}.Debug|Any CPU.Build.0 = Debug|Any CPU
		{D8B4496B-8697-4C4B-B196-D5E6CC4AA8CA}.dev_dewa|Any CPU.ActiveCfg = Debug|Any CPU
		{D8B4496B-8697-4C4B-B196-D5E6CC4AA8CA}.dev_dewa|Any CPU.Build.0 = Debug|Any CPU
		{D8B4496B-8697-4C4B-B196-D5E6CC4AA8CA}.qa_dewa_cd|Any CPU.ActiveCfg = Debug|Any CPU
		{D8B4496B-8697-4C4B-B196-D5E6CC4AA8CA}.qa_dewa_cd|Any CPU.Build.0 = Debug|Any CPU
		{D8B4496B-8697-4C4B-B196-D5E6CC4AA8CA}.qa_dewa_cm|Any CPU.ActiveCfg = Debug|Any CPU
		{D8B4496B-8697-4C4B-B196-D5E6CC4AA8CA}.qa_dewa_cm|Any CPU.Build.0 = Debug|Any CPU
		{D8B4496B-8697-4C4B-B196-D5E6CC4AA8CA}.qa_dewa_next|Any CPU.ActiveCfg = Debug|Any CPU
		{D8B4496B-8697-4C4B-B196-D5E6CC4AA8CA}.qa_dewa_next|Any CPU.Build.0 = Debug|Any CPU
		{D8B4496B-8697-4C4B-B196-D5E6CC4AA8CA}.Release|Any CPU.ActiveCfg = Release|Any CPU
		{D8B4496B-8697-4C4B-B196-D5E6CC4AA8CA}.Release|Any CPU.Build.0 = Release|Any CPU
		{896A0F35-10B8-42A7-8BAE-25137CC009E1}.Debug|Any CPU.ActiveCfg = Debug|Any CPU
		{896A0F35-10B8-42A7-8BAE-25137CC009E1}.Debug|Any CPU.Build.0 = Debug|Any CPU
		{896A0F35-10B8-42A7-8BAE-25137CC009E1}.dev_dewa|Any CPU.ActiveCfg = Debug|Any CPU
		{896A0F35-10B8-42A7-8BAE-25137CC009E1}.dev_dewa|Any CPU.Build.0 = Debug|Any CPU
		{896A0F35-10B8-42A7-8BAE-25137CC009E1}.qa_dewa_cd|Any CPU.ActiveCfg = Debug|Any CPU
		{896A0F35-10B8-42A7-8BAE-25137CC009E1}.qa_dewa_cd|Any CPU.Build.0 = Debug|Any CPU
		{896A0F35-10B8-42A7-8BAE-25137CC009E1}.qa_dewa_cm|Any CPU.ActiveCfg = Debug|Any CPU
		{896A0F35-10B8-42A7-8BAE-25137CC009E1}.qa_dewa_cm|Any CPU.Build.0 = Debug|Any CPU
		{896A0F35-10B8-42A7-8BAE-25137CC009E1}.qa_dewa_next|Any CPU.ActiveCfg = Debug|Any CPU
		{896A0F35-10B8-42A7-8BAE-25137CC009E1}.qa_dewa_next|Any CPU.Build.0 = Debug|Any CPU
		{896A0F35-10B8-42A7-8BAE-25137CC009E1}.Release|Any CPU.ActiveCfg = Release|Any CPU
		{896A0F35-10B8-42A7-8BAE-25137CC009E1}.Release|Any CPU.Build.0 = Release|Any CPU
		{94BB380A-3B64-463C-A116-AB226083F9E4}.Debug|Any CPU.ActiveCfg = Debug|Any CPU
		{94BB380A-3B64-463C-A116-AB226083F9E4}.Debug|Any CPU.Build.0 = Debug|Any CPU
		{94BB380A-3B64-463C-A116-AB226083F9E4}.dev_dewa|Any CPU.ActiveCfg = Debug|Any CPU
		{94BB380A-3B64-463C-A116-AB226083F9E4}.dev_dewa|Any CPU.Build.0 = Debug|Any CPU
		{94BB380A-3B64-463C-A116-AB226083F9E4}.qa_dewa_cd|Any CPU.ActiveCfg = Debug|Any CPU
		{94BB380A-3B64-463C-A116-AB226083F9E4}.qa_dewa_cd|Any CPU.Build.0 = Debug|Any CPU
		{94BB380A-3B64-463C-A116-AB226083F9E4}.qa_dewa_cm|Any CPU.ActiveCfg = Debug|Any CPU
		{94BB380A-3B64-463C-A116-AB226083F9E4}.qa_dewa_cm|Any CPU.Build.0 = Debug|Any CPU
		{94BB380A-3B64-463C-A116-AB226083F9E4}.qa_dewa_next|Any CPU.ActiveCfg = Debug|Any CPU
		{94BB380A-3B64-463C-A116-AB226083F9E4}.qa_dewa_next|Any CPU.Build.0 = Debug|Any CPU
		{94BB380A-3B64-463C-A116-AB226083F9E4}.Release|Any CPU.ActiveCfg = Release|Any CPU
		{94BB380A-3B64-463C-A116-AB226083F9E4}.Release|Any CPU.Build.0 = Release|Any CPU
		{261F1828-4E4B-477A-8368-87E7A4A19EF6}.Debug|Any CPU.ActiveCfg = Debug|Any CPU
		{261F1828-4E4B-477A-8368-87E7A4A19EF6}.Debug|Any CPU.Build.0 = Debug|Any CPU
		{261F1828-4E4B-477A-8368-87E7A4A19EF6}.dev_dewa|Any CPU.ActiveCfg = Debug|Any CPU
		{261F1828-4E4B-477A-8368-87E7A4A19EF6}.dev_dewa|Any CPU.Build.0 = Debug|Any CPU
		{261F1828-4E4B-477A-8368-87E7A4A19EF6}.qa_dewa_cd|Any CPU.ActiveCfg = Debug|Any CPU
		{261F1828-4E4B-477A-8368-87E7A4A19EF6}.qa_dewa_cd|Any CPU.Build.0 = Debug|Any CPU
		{261F1828-4E4B-477A-8368-87E7A4A19EF6}.qa_dewa_cm|Any CPU.ActiveCfg = Debug|Any CPU
		{261F1828-4E4B-477A-8368-87E7A4A19EF6}.qa_dewa_cm|Any CPU.Build.0 = Debug|Any CPU
		{261F1828-4E4B-477A-8368-87E7A4A19EF6}.qa_dewa_next|Any CPU.ActiveCfg = Debug|Any CPU
		{261F1828-4E4B-477A-8368-87E7A4A19EF6}.qa_dewa_next|Any CPU.Build.0 = Debug|Any CPU
		{261F1828-4E4B-477A-8368-87E7A4A19EF6}.Release|Any CPU.ActiveCfg = Release|Any CPU
		{261F1828-4E4B-477A-8368-87E7A4A19EF6}.Release|Any CPU.Build.0 = Release|Any CPU
		{2D513A25-103D-4C23-B57A-B72D8ACBC7D4}.Debug|Any CPU.ActiveCfg = Debug|Any CPU
		{2D513A25-103D-4C23-B57A-B72D8ACBC7D4}.Debug|Any CPU.Build.0 = Debug|Any CPU
		{2D513A25-103D-4C23-B57A-B72D8ACBC7D4}.dev_dewa|Any CPU.ActiveCfg = Debug|Any CPU
		{2D513A25-103D-4C23-B57A-B72D8ACBC7D4}.dev_dewa|Any CPU.Build.0 = Debug|Any CPU
		{2D513A25-103D-4C23-B57A-B72D8ACBC7D4}.qa_dewa_cd|Any CPU.ActiveCfg = Debug|Any CPU
		{2D513A25-103D-4C23-B57A-B72D8ACBC7D4}.qa_dewa_cd|Any CPU.Build.0 = Debug|Any CPU
		{2D513A25-103D-4C23-B57A-B72D8ACBC7D4}.qa_dewa_cm|Any CPU.ActiveCfg = Debug|Any CPU
		{2D513A25-103D-4C23-B57A-B72D8ACBC7D4}.qa_dewa_cm|Any CPU.Build.0 = Debug|Any CPU
		{2D513A25-103D-4C23-B57A-B72D8ACBC7D4}.qa_dewa_next|Any CPU.ActiveCfg = Debug|Any CPU
		{2D513A25-103D-4C23-B57A-B72D8ACBC7D4}.qa_dewa_next|Any CPU.Build.0 = Debug|Any CPU
		{2D513A25-103D-4C23-B57A-B72D8ACBC7D4}.Release|Any CPU.ActiveCfg = Release|Any CPU
		{2D513A25-103D-4C23-B57A-B72D8ACBC7D4}.Release|Any CPU.Build.0 = Release|Any CPU
		{A4BE20DA-F9CC-455C-AA56-ABFD4CE09A0E}.Debug|Any CPU.ActiveCfg = Debug|Any CPU
		{A4BE20DA-F9CC-455C-AA56-ABFD4CE09A0E}.Debug|Any CPU.Build.0 = Debug|Any CPU
		{A4BE20DA-F9CC-455C-AA56-ABFD4CE09A0E}.dev_dewa|Any CPU.ActiveCfg = Debug|Any CPU
		{A4BE20DA-F9CC-455C-AA56-ABFD4CE09A0E}.dev_dewa|Any CPU.Build.0 = Debug|Any CPU
		{A4BE20DA-F9CC-455C-AA56-ABFD4CE09A0E}.qa_dewa_cd|Any CPU.ActiveCfg = Debug|Any CPU
		{A4BE20DA-F9CC-455C-AA56-ABFD4CE09A0E}.qa_dewa_cd|Any CPU.Build.0 = Debug|Any CPU
		{A4BE20DA-F9CC-455C-AA56-ABFD4CE09A0E}.qa_dewa_cm|Any CPU.ActiveCfg = Debug|Any CPU
		{A4BE20DA-F9CC-455C-AA56-ABFD4CE09A0E}.qa_dewa_cm|Any CPU.Build.0 = Debug|Any CPU
		{A4BE20DA-F9CC-455C-AA56-ABFD4CE09A0E}.qa_dewa_next|Any CPU.ActiveCfg = Debug|Any CPU
		{A4BE20DA-F9CC-455C-AA56-ABFD4CE09A0E}.qa_dewa_next|Any CPU.Build.0 = Debug|Any CPU
		{A4BE20DA-F9CC-455C-AA56-ABFD4CE09A0E}.Release|Any CPU.ActiveCfg = Release|Any CPU
		{A4BE20DA-F9CC-455C-AA56-ABFD4CE09A0E}.Release|Any CPU.Build.0 = Release|Any CPU
		{FCF05592-29D3-438B-BAAD-57BB6B320E30}.Debug|Any CPU.ActiveCfg = Debug|Any CPU
		{FCF05592-29D3-438B-BAAD-57BB6B320E30}.Debug|Any CPU.Build.0 = Debug|Any CPU
		{FCF05592-29D3-438B-BAAD-57BB6B320E30}.dev_dewa|Any CPU.ActiveCfg = Debug|Any CPU
		{FCF05592-29D3-438B-BAAD-57BB6B320E30}.dev_dewa|Any CPU.Build.0 = Debug|Any CPU
		{FCF05592-29D3-438B-BAAD-57BB6B320E30}.qa_dewa_cd|Any CPU.ActiveCfg = Debug|Any CPU
		{FCF05592-29D3-438B-BAAD-57BB6B320E30}.qa_dewa_cd|Any CPU.Build.0 = Debug|Any CPU
		{FCF05592-29D3-438B-BAAD-57BB6B320E30}.qa_dewa_cm|Any CPU.ActiveCfg = Debug|Any CPU
		{FCF05592-29D3-438B-BAAD-57BB6B320E30}.qa_dewa_cm|Any CPU.Build.0 = Debug|Any CPU
		{FCF05592-29D3-438B-BAAD-57BB6B320E30}.qa_dewa_next|Any CPU.ActiveCfg = Debug|Any CPU
		{FCF05592-29D3-438B-BAAD-57BB6B320E30}.qa_dewa_next|Any CPU.Build.0 = Debug|Any CPU
		{FCF05592-29D3-438B-BAAD-57BB6B320E30}.Release|Any CPU.ActiveCfg = Release|Any CPU
		{FCF05592-29D3-438B-BAAD-57BB6B320E30}.Release|Any CPU.Build.0 = Release|Any CPU
		{AE0FE1E1-A41B-42EE-996C-8974B13D83EA}.Debug|Any CPU.ActiveCfg = Debug|Any CPU
		{AE0FE1E1-A41B-42EE-996C-8974B13D83EA}.Debug|Any CPU.Build.0 = Debug|Any CPU
		{AE0FE1E1-A41B-42EE-996C-8974B13D83EA}.dev_dewa|Any CPU.ActiveCfg = Debug|Any CPU
		{AE0FE1E1-A41B-42EE-996C-8974B13D83EA}.dev_dewa|Any CPU.Build.0 = Debug|Any CPU
		{AE0FE1E1-A41B-42EE-996C-8974B13D83EA}.qa_dewa_cd|Any CPU.ActiveCfg = Debug|Any CPU
		{AE0FE1E1-A41B-42EE-996C-8974B13D83EA}.qa_dewa_cd|Any CPU.Build.0 = Debug|Any CPU
		{AE0FE1E1-A41B-42EE-996C-8974B13D83EA}.qa_dewa_cm|Any CPU.ActiveCfg = Debug|Any CPU
		{AE0FE1E1-A41B-42EE-996C-8974B13D83EA}.qa_dewa_cm|Any CPU.Build.0 = Debug|Any CPU
		{AE0FE1E1-A41B-42EE-996C-8974B13D83EA}.qa_dewa_next|Any CPU.ActiveCfg = Debug|Any CPU
		{AE0FE1E1-A41B-42EE-996C-8974B13D83EA}.qa_dewa_next|Any CPU.Build.0 = Debug|Any CPU
		{AE0FE1E1-A41B-42EE-996C-8974B13D83EA}.Release|Any CPU.ActiveCfg = Release|Any CPU
		{AE0FE1E1-A41B-42EE-996C-8974B13D83EA}.Release|Any CPU.Build.0 = Release|Any CPU
	EndGlobalSection
	GlobalSection(SolutionProperties) = preSolution
		HideSolutionNode = FALSE
	EndGlobalSection
	GlobalSection(NestedProjects) = preSolution
		{C483D0CB-B96F-4A5F-BD34-0DAD679B1BC1} = {27636D13-68D0-4D2A-930A-57F46FE3551C}
		{2940A013-7D0A-405A-87EF-FF601A93D61C} = {D3ECE9D4-FA53-4B75-A4F6-597B840151D7}
		{E8A3B425-E472-489A-8477-2960633E4436} = {2940A013-7D0A-405A-87EF-FF601A93D61C}
		{01C609C3-2F23-4F1F-99DB-ADFBF8265847} = {D3ECE9D4-FA53-4B75-A4F6-597B840151D7}
		{142D75AA-420A-4F00-B346-28EC48717C4B} = {01C609C3-2F23-4F1F-99DB-ADFBF8265847}
		{9350E54B-8C1C-4EE7-B4BA-489382D51459} = {D3ECE9D4-FA53-4B75-A4F6-597B840151D7}
		{E47B29CA-D17F-48B5-84DC-E82D5ADD4AE0} = {9350E54B-8C1C-4EE7-B4BA-489382D51459}
		{2E274F27-7B88-4AA2-9492-64598172AF25} = {C483D0CB-B96F-4A5F-BD34-0DAD679B1BC1}
		{D7572B4A-DC9B-4029-B9F9-BF5B3B735156} = {D3ECE9D4-FA53-4B75-A4F6-597B840151D7}
		{541B8451-AC10-4DCD-8E63-7D8CC7C438B4} = {D7572B4A-DC9B-4029-B9F9-BF5B3B735156}
		{C835E921-7EB4-4732-B8F7-821F2DCE2875} = {2D43353E-F0AC-418A-AE84-A2B2BC937FB5}
		{B303765E-6FCC-4C4E-9261-B21B555A7294} = {C835E921-7EB4-4732-B8F7-821F2DCE2875}
		{DA7B6EA7-CA8A-49AC-BEF9-EFC3D474020B} = {D3ECE9D4-FA53-4B75-A4F6-597B840151D7}
		{F55C068B-DD15-4FB8-A70F-77348CC91E76} = {DA7B6EA7-CA8A-49AC-BEF9-EFC3D474020B}
		{B3F7A120-5E2F-4AB9-A829-94557C025178} = {2D43353E-F0AC-418A-AE84-A2B2BC937FB5}
		{6EF8C482-4098-4304-95FC-F1542AE500E4} = {B3F7A120-5E2F-4AB9-A829-94557C025178}
		{8C1AE2C1-CB23-49FA-A9D9-88C080415BE2} = {D3ECE9D4-FA53-4B75-A4F6-597B840151D7}
		{E6FE8397-AC35-4BEB-8BBD-CA636CB3FC3B} = {8C1AE2C1-CB23-49FA-A9D9-88C080415BE2}
		{A27CEC00-A9E0-4ACF-85E9-9070DC09E278} = {2D43353E-F0AC-418A-AE84-A2B2BC937FB5}
		{80F9AD9A-EB53-404E-9CC9-819BDE397E3F} = {A27CEC00-A9E0-4ACF-85E9-9070DC09E278}
		{91AA6432-DE7A-4523-ADB1-5ADEB2047E7B} = {2D43353E-F0AC-418A-AE84-A2B2BC937FB5}
		{45951D93-87F0-46BD-BA32-5B0C35D92AEA} = {91AA6432-DE7A-4523-ADB1-5ADEB2047E7B}
		{A6D02B9D-8071-4FAC-881B-12D1D9EFBD90} = {6EF8C482-4098-4304-95FC-F1542AE500E4}
		{73BE2F04-E2C3-4798-B3C9-B963DCAF2481} = {B3F7A120-5E2F-4AB9-A829-94557C025178}
		{A3882C5B-6ACC-44F6-AA0D-1AE57E3231C9} = {73BE2F04-E2C3-4798-B3C9-B963DCAF2481}
		{1C52571C-D888-4A0C-BCAA-858001832131} = {B3F7A120-5E2F-4AB9-A829-94557C025178}
		{CC18CF26-DF0B-4523-8F0A-AC31FD142647} = {1C52571C-D888-4A0C-BCAA-858001832131}
		{8622B82D-C399-42B0-ACE5-1777C650275C} = {2D43353E-F0AC-418A-AE84-A2B2BC937FB5}
		{44976FB3-5453-45F9-9B4F-FBEC5C9FD246} = {8622B82D-C399-42B0-ACE5-1777C650275C}
		{A00938AF-1A69-46E4-BF98-8A3BE69C0B13} = {2D43353E-F0AC-418A-AE84-A2B2BC937FB5}
		{3B719C01-DC8F-4B18-80EE-2A82FFCC7BD5} = {A00938AF-1A69-46E4-BF98-8A3BE69C0B13}
		{69BCBD89-503A-43FA-8D36-4D754BE082B1} = {B3F7A120-5E2F-4AB9-A829-94557C025178}
		{BBC5B7CC-6FBA-4DFE-AB0E-CD66301B5E34} = {69BCBD89-503A-43FA-8D36-4D754BE082B1}
		{06BB5605-DEE0-4F8E-BE47-0F81CBA5C601} = {B3F7A120-5E2F-4AB9-A829-94557C025178}
		{2E0E9A3A-EE0C-4798-9DC8-9E61916EDB69} = {06BB5605-DEE0-4F8E-BE47-0F81CBA5C601}
		{5E660881-0A79-4251-99F5-08F597BC0DDC} = {B3F7A120-5E2F-4AB9-A829-94557C025178}
		{59434E77-62A1-4239-A974-7B00DB95A381} = {5E660881-0A79-4251-99F5-08F597BC0DDC}
		{03D33249-9A49-4312-A3B5-FCC52AF9DB48} = {B3F7A120-5E2F-4AB9-A829-94557C025178}
		{AE464C45-95AD-42DD-B3AE-9549C70583F7} = {03D33249-9A49-4312-A3B5-FCC52AF9DB48}
		{F40A3FA6-35B2-4666-8B65-D082DA0866BE} = {B3F7A120-5E2F-4AB9-A829-94557C025178}
		{013E43BE-4754-420F-A647-1283549B7A4F} = {B3F7A120-5E2F-4AB9-A829-94557C025178}
		{DEF2C54D-A15F-4CD9-9761-87CE908DF5C7} = {F40A3FA6-35B2-4666-8B65-D082DA0866BE}
		{1BD46683-AF44-469E-A9B8-E96883D22D48} = {013E43BE-4754-420F-A647-1283549B7A4F}
		{37C6EC2F-AA66-4423-85C6-0F3165932F09} = {D3ECE9D4-FA53-4B75-A4F6-597B840151D7}
		{6C70B76D-9945-4B75-B707-1331943CB056} = {37C6EC2F-AA66-4423-85C6-0F3165932F09}
		{59427CC9-0F51-4A0C-B6EE-008F47A3E5AF} = {B3F7A120-5E2F-4AB9-A829-94557C025178}
		{BE58BDA5-FFDA-4BEC-9AD1-563149366679} = {59427CC9-0F51-4A0C-B6EE-008F47A3E5AF}
		{E2823D98-2716-4EBD-AF6B-C324977FBA3D} = {B3F7A120-5E2F-4AB9-A829-94557C025178}
		{3C42BF19-82AA-4714-BA99-A43DD7C5275A} = {E2823D98-2716-4EBD-AF6B-C324977FBA3D}
		{A6E0F114-738B-4665-BD7D-8EA698E8990C} = {B3F7A120-5E2F-4AB9-A829-94557C025178}
		{D8B4496B-8697-4C4B-B196-D5E6CC4AA8CA} = {A6E0F114-738B-4665-BD7D-8EA698E8990C}
		{3E2CBD33-3176-4743-AB3B-7A018DE1CD95} = {2D43353E-F0AC-418A-AE84-A2B2BC937FB5}
		{896A0F35-10B8-42A7-8BAE-25137CC009E1} = {3E2CBD33-3176-4743-AB3B-7A018DE1CD95}
		{75AE2FC5-37CE-45F2-A2BC-89AA62448408} = {B3F7A120-5E2F-4AB9-A829-94557C025178}
		{94BB380A-3B64-463C-A116-AB226083F9E4} = {75AE2FC5-37CE-45F2-A2BC-89AA62448408}
		{B36379E5-EAD4-4ED6-9C1B-0B68E15F6936} = {2D43353E-F0AC-418A-AE84-A2B2BC937FB5}
		{261F1828-4E4B-477A-8368-87E7A4A19EF6} = {B36379E5-EAD4-4ED6-9C1B-0B68E15F6936}
		{635BE03F-E5FA-4AD4-B53A-7A3B33EA7FD8} = {2D43353E-F0AC-418A-AE84-A2B2BC937FB5}
		{2D513A25-103D-4C23-B57A-B72D8ACBC7D4} = {635BE03F-E5FA-4AD4-B53A-7A3B33EA7FD8}
		{1FE8FF24-BE0B-4991-BDC6-1D8273F1D8F1} = {2D43353E-F0AC-418A-AE84-A2B2BC937FB5}
		{A4BE20DA-F9CC-455C-AA56-ABFD4CE09A0E} = {1FE8FF24-BE0B-4991-BDC6-1D8273F1D8F1}
		{3C697E34-7F1E-4C41-86B9-C2C861679A20} = {D3ECE9D4-FA53-4B75-A4F6-597B840151D7}
		{FCF05592-29D3-438B-BAAD-57BB6B320E30} = {3C697E34-7F1E-4C41-86B9-C2C861679A20}
		{3BE33AF7-152F-4421-B56F-1DA70DFA274D} = {2D43353E-F0AC-418A-AE84-A2B2BC937FB5}
		{AE0FE1E1-A41B-42EE-996C-8974B13D83EA} = {3BE33AF7-152F-4421-B56F-1DA70DFA274D}
	EndGlobalSection
	GlobalSection(ExtensibilityGlobals) = postSolution
		EnterpriseLibraryConfigurationToolBinariesPathV6 = packages\EnterpriseLibrary.Common.6.0.1304.0\lib\NET45;packages\EnterpriseLibrary.TransientFaultHandling.6.0.1304.0\lib\portable-net45+win+wp8;packages\EnterpriseLibrary.TransientFaultHandling.Caching.6.0.1304.0\lib\NET45;packages\EnterpriseLibrary.TransientFaultHandling.Data.6.0.1304.1\lib\NET45;packages\EnterpriseLibrary.TransientFaultHandling.ServiceBus.6.0.1304.0\lib\NET45;packages\EnterpriseLibrary.TransientFaultHandling.WindowsAzure.Storage.6.0.1304.0\lib\NET45;packages\EnterpriseLibrary.TransientFaultHandling.Configuration.6.0.1304.0\lib\NET45
		SolutionGuid = {F8CD4DD3-2F4B-4D2D-94D8-D3ADB551E403}
	EndGlobalSection
EndGlobal
